
Microsoft Visual Studio Solution File, Format Version 12.00
# Visual Studio Version 17
VisualStudioVersion = 17.7.34018.315
MinimumVisualStudioVersion = 10.0.40219.1
Project("{FAE04EC0-301F-11D3-BF4B-00C04F79EFBC}") = "PhoneShopManagement", "PhoneShopManagement\PhoneShopManagement.csproj", "{5D356800-C246-4B78-AA39-C140F206BC47}"
EndProject
Global
	GlobalSection(SolutionConfigurationPlatforms) = preSolution
		Debug|Any CPU = Debug|Any CPU
		Release|Any CPU = Release|Any CPU
	EndGlobalSection
	GlobalSection(ProjectConfigurationPlatforms) = postSolution
		{5D356800-C246-4B78-AA39-C140F206BC47}.Debug|Any CPU.ActiveCfg = Debug|Any CPU
		{5D356800-C246-4B78-AA39-C140F206BC47}.Debug|Any CPU.Build.0 = Debug|Any CPU
		{5D356800-C246-4B78-AA39-C140F206BC47}.Release|Any CPU.ActiveCfg = Release|Any CPU
		{5D356800-C246-4B78-AA39-C140F206BC47}.Release|Any CPU.Build.0 = Release|Any CPU
	EndGlobalSection
	GlobalSection(SolutionProperties) = preSolution
		HideSolutionNode = FALSE
	EndGlobalSection
	GlobalSection(ExtensibilityGlobals) = postSolution
		SolutionGuid = {91A1B973-7053-4787-BF30-EE7A450B4436}
	EndGlobalSection
EndGlobal
